
Microsoft Visual Studio Solution File, Format Version 12.00
# Visual Studio Version 17
VisualStudioVersion = 17.14.36119.2 d17.14
MinimumVisualStudioVersion = 10.0.40219.1
Project("{FAE04EC0-301F-11D3-BF4B-00C04F79EFBC}") = "ConsoleApp6", "ConsoleApp6\ConsoleApp6.csproj", "{A39ED2BA-BA17-40F8-A86C-D452E30907CC}"
EndProject
Global
	GlobalSection(SolutionConfigurationPlatforms) = preSolution
		Debug|Any CPU = Debug|Any CPU
		Release|Any CPU = Release|Any CPU
	EndGlobalSection
	GlobalSection(ProjectConfigurationPlatforms) = postSolution
		{A39ED2BA-BA17-40F8-A86C-D452E30907CC}.Debug|Any CPU.ActiveCfg = Debug|Any CPU
		{A39ED2BA-BA17-40F8-A86C-D452E30907CC}.Debug|Any CPU.Build.0 = Debug|Any CPU
		{A39ED2BA-BA17-40F8-A86C-D452E30907CC}.Release|Any CPU.ActiveCfg = Release|Any CPU
		{A39ED2BA-BA17-40F8-A86C-D452E30907CC}.Release|Any CPU.Build.0 = Release|Any CPU
	EndGlobalSection
	GlobalSection(SolutionProperties) = preSolution
		HideSolutionNode = FALSE
	EndGlobalSection
	GlobalSection(ExtensibilityGlobals) = postSolution
		SolutionGuid = {5C958869-1933-4A83-B884-3C94B2BADE62}
	EndGlobalSection
EndGlobal
